
Microsoft Visual Studio Solution File, Format Version 12.00
# Visual Studio 2017
Project("{FAE04EC0-301F-11D3-BF4B-00C04F79EFBC}") = "SST", "SST.csproj", "{3006E24B-B578-E4B8-4498-4A81BE232D78}"
EndProject
Global
	GlobalSection(SolutionConfigurationPlatforms) = preSolution
		Debug|Any CPU = Debug|Any CPU
		Release|Any CPU = Release|Any CPU
	EndGlobalSection
	GlobalSection(ProjectConfigurationPlatforms) = postSolution
		{3006E24B-B578-E4B8-4498-4A81BE232D78}.Debug|Any CPU.ActiveCfg = Debug|Any CPU
		{3006E24B-B578-E4B8-4498-4A81BE232D78}.Debug|Any CPU.Build.0 = Debug|Any CPU
		{3006E24B-B578-E4B8-4498-4A81BE232D78}.Release|Any CPU.ActiveCfg = Release|Any CPU
		{3006E24B-B578-E4B8-4498-4A81BE232D78}.Release|Any CPU.Build.0 = Release|Any CPU
	EndGlobalSection
	GlobalSection(SolutionProperties) = preSolution
		HideSolutionNode = FALSE
	EndGlobalSection
EndGlobal
